PODS:
  - cardinal_sdk (2.0.0-PREVIEW-3-dart-1):
    - CardinalDartSdkSupportLib (~> 2.0.0-PREVIEW-3)
    - Flutter
  - CardinalDartSdkSupportLib (2.0.0-PREVIEW-3)
  - Flutter (1.0.0)
  - integration_test (0.0.1):
    - Flutter

DEPENDENCIES:
  - cardinal_sdk (from `.symlinks/plugins/cardinal_sdk/ios`)
  - Flutter (from `Flutter`)
  - integration_test (from `.symlinks/plugins/integration_test/ios`)

SPEC REPOS:
  trunk:
    - CardinalDartSdkSupportLib

EXTERNAL SOURCES:
  cardinal_sdk:
    :path: ".symlinks/plugins/cardinal_sdk/ios"
  Flutter:
    :path: Flutter
  integration_test:
    :path: ".symlinks/plugins/integration_test/ios"

SPEC CHECKSUMS:
  cardinal_sdk: 99ed794c74c46c5655c7bcf1c11bd1e6daf929c8
  CardinalDartSdkSupportLib: 10e57ee99d3e6b28ad740cae618099cc6fc6f4b4
  Flutter: e0871f40cf51350855a761d2e70bf5af5b9b5de7
  integration_test: 252f60fa39af5e17c3aa9899d35d908a0721b573

PODFILE CHECKSUM: 4305caec6b40dde0ae97be1573c53de1882a07e5

COCOAPODS: 1.16.2
